
Microsoft Visual Studio Solution File, Format Version 12.00
# Visual Studio Version 16
VisualStudioVersion = 16.0.29709.97
MinimumVisualStudioVersion = 10.0.40219.1
Project("{FAE04EC0-301F-11D3-BF4B-00C04F79EFBC}") = "Selenium_Test", "Selenium_Test\Selenium_Test.csproj", "{A18C72AA-A960-4D45-AB80-E9C3C0EC00F2}"
EndProject
Global
	GlobalSection(SolutionConfigurationPlatforms) = preSolution
		Debug|Any CPU = Debug|Any CPU
		Release|Any CPU = Release|Any CPU
	EndGlobalSection
	GlobalSection(ProjectConfigurationPlatforms) = postSolution
		{A18C72AA-A960-4D45-AB80-E9C3C0EC00F2}.Debug|Any CPU.ActiveCfg = Debug|Any CPU
		{A18C72AA-A960-4D45-AB80-E9C3C0EC00F2}.Debug|Any CPU.Build.0 = Debug|Any CPU
		{A18C72AA-A960-4D45-AB80-E9C3C0EC00F2}.Release|Any CPU.ActiveCfg = Release|Any CPU
		{A18C72AA-A960-4D45-AB80-E9C3C0EC00F2}.Release|Any CPU.Build.0 = Release|Any CPU
	EndGlobalSection
	GlobalSection(SolutionProperties) = preSolution
		HideSolutionNode = FALSE
	EndGlobalSection
	GlobalSection(ExtensibilityGlobals) = postSolution
		SolutionGuid = {8B9BB503-A065-4E72-B0DD-61019F3D9650}
	EndGlobalSection
EndGlobal
